
Microsoft Visual Studio Solution File, Format Version 12.00
# Visual Studio Version 16
VisualStudioVersion = 16.0.29709.97
MinimumVisualStudioVersion = 10.0.40219.1
Project("{FAE04EC0-301F-11D3-BF4B-00C04F79EFBC}") = "USBAutoRun", "USBAutoRun\USBAutoRun.csproj", "{B8558DF3-6450-4171-A0C7-F93D4610F925}"
EndProject
Global
	GlobalSection(SolutionConfigurationPlatforms) = preSolution
		Debug|Any CPU = Debug|Any CPU
		Release|Any CPU = Release|Any CPU
	EndGlobalSection
	GlobalSection(ProjectConfigurationPlatforms) = postSolution
		{B8558DF3-6450-4171-A0C7-F93D4610F925}.Debug|Any CPU.ActiveCfg = Debug|Any CPU
		{B8558DF3-6450-4171-A0C7-F93D4610F925}.Debug|Any CPU.Build.0 = Debug|Any CPU
		{B8558DF3-6450-4171-A0C7-F93D4610F925}.Release|Any CPU.ActiveCfg = Release|Any CPU
		{B8558DF3-6450-4171-A0C7-F93D4610F925}.Release|Any CPU.Build.0 = Release|Any CPU
	EndGlobalSection
	GlobalSection(SolutionProperties) = preSolution
		HideSolutionNode = FALSE
	EndGlobalSection
	GlobalSection(ExtensibilityGlobals) = postSolution
		SolutionGuid = {5E8F4B0F-EC5C-4991-A379-992ADF72E74B}
	EndGlobalSection
EndGlobal
